
Microsoft Visual Studio Solution File, Format Version 12.00
# Visual Studio Version 16
VisualStudioVersion = 16.0.29613.14
MinimumVisualStudioVersion = 10.0.40219.1
Project("{2150E333-8FDC-42A3-9474-1A3956D46DE8}") = "StringCalculator", "StringCalculator", "{B1401DD4-5F3B-41C7-9C02-AF3B6EC98890}"
EndProject
Project("{2150E333-8FDC-42A3-9474-1A3956D46DE8}") = "FizzBuzz", "FizzBuzz", "{D5173DB1-3E16-4754-911A-41C9DE0ED1CE}"
EndProject
Project("{6EC3EE1D-3C4E-46DD-8F32-0CC8E7565705}") = "StringCalculator", "StringCalculator\StringCalculator\StringCalculator.fsproj", "{A8EC18B6-534D-4436-8241-E5D53E90D6E9}"
EndProject
Project("{6EC3EE1D-3C4E-46DD-8F32-0CC8E7565705}") = "StringCalculatorTests", "StringCalculator\StringCalculatorTests\StringCalculatorTests.fsproj", "{73B61E29-355A-413B-80D1-F74E5D66D2C4}"
EndProject
Project("{6EC3EE1D-3C4E-46DD-8F32-0CC8E7565705}") = "FizzBuzz", "FizzBuzz\FizzBuzz\FizzBuzz.fsproj", "{4044D74C-C95B-46EE-AD94-1F9B06033A00}"
EndProject
Project("{6EC3EE1D-3C4E-46DD-8F32-0CC8E7565705}") = "FizzBuzzTests", "FizzBuzz\FizzBuzzTests\FizzBuzzTests.fsproj", "{56FA5700-1133-4A3F-ACC4-D5878BD19F19}"
EndProject
Project("{2150E333-8FDC-42A3-9474-1A3956D46DE8}") = "StackCalculator", "StackCalculator", "{8676297D-DAF5-46DE-A002-F13ED689689A}"
EndProject
Project("{6EC3EE1D-3C4E-46DD-8F32-0CC8E7565705}") = "StackCalculatorTests", "StackCalculator\StackCalculatorTests\StackCalculatorTests.fsproj", "{707B9FA7-E839-4F57-904A-827694991F34}"
EndProject
Project("{6EC3EE1D-3C4E-46DD-8F32-0CC8E7565705}") = "StackCalculator", "StackCalculator\StackCalculator.fsproj", "{7EF95C84-9DC4-4A70-87C1-460AB408D410}"
EndProject
Project("{2150E333-8FDC-42A3-9474-1A3956D46DE8}") = "CommandLineArguments", "CommandLineArguments", "{2F5426A2-9249-4F16-8D17-7B374D7A926F}"
EndProject
Project("{6EC3EE1D-3C4E-46DD-8F32-0CC8E7565705}") = "CommandLineArguments", "CommandLineArguments\CommandLineArguments.fsproj", "{4216202C-3FE4-409E-8DC7-7377381CE510}"
EndProject
Project("{F2A71F9B-5D33-465A-A702-920D77279786}") = "CommandLineArgumentsTests", "CommandLineArguments\CommandLineArgumentsTests\CommandLineArgumentsTests.fsproj", "{B466A122-12FF-4B73-81AC-2928BC719CC5}"
EndProject
Global
	GlobalSection(SolutionConfigurationPlatforms) = preSolution
		Debug|Any CPU = Debug|Any CPU
		Release|Any CPU = Release|Any CPU
	EndGlobalSection
	GlobalSection(ProjectConfigurationPlatforms) = postSolution
		{A8EC18B6-534D-4436-8241-E5D53E90D6E9}.Debug|Any CPU.ActiveCfg = Debug|Any CPU
		{A8EC18B6-534D-4436-8241-E5D53E90D6E9}.Debug|Any CPU.Build.0 = Debug|Any CPU
		{A8EC18B6-534D-4436-8241-E5D53E90D6E9}.Release|Any CPU.ActiveCfg = Release|Any CPU
		{A8EC18B6-534D-4436-8241-E5D53E90D6E9}.Release|Any CPU.Build.0 = Release|Any CPU
		{73B61E29-355A-413B-80D1-F74E5D66D2C4}.Debug|Any CPU.ActiveCfg = Debug|Any CPU
		{73B61E29-355A-413B-80D1-F74E5D66D2C4}.Debug|Any CPU.Build.0 = Debug|Any CPU
		{73B61E29-355A-413B-80D1-F74E5D66D2C4}.Release|Any CPU.ActiveCfg = Release|Any CPU
		{73B61E29-355A-413B-80D1-F74E5D66D2C4}.Release|Any CPU.Build.0 = Release|Any CPU
		{4044D74C-C95B-46EE-AD94-1F9B06033A00}.Debug|Any CPU.ActiveCfg = Debug|Any CPU
		{4044D74C-C95B-46EE-AD94-1F9B06033A00}.Debug|Any CPU.Build.0 = Debug|Any CPU
		{4044D74C-C95B-46EE-AD94-1F9B06033A00}.Release|Any CPU.ActiveCfg = Release|Any CPU
		{4044D74C-C95B-46EE-AD94-1F9B06033A00}.Release|Any CPU.Build.0 = Release|Any CPU
		{56FA5700-1133-4A3F-ACC4-D5878BD19F19}.Debug|Any CPU.ActiveCfg = Debug|Any CPU
		{56FA5700-1133-4A3F-ACC4-D5878BD19F19}.Debug|Any CPU.Build.0 = Debug|Any CPU
		{56FA5700-1133-4A3F-ACC4-D5878BD19F19}.Release|Any CPU.ActiveCfg = Release|Any CPU
		{56FA5700-1133-4A3F-ACC4-D5878BD19F19}.Release|Any CPU.Build.0 = Release|Any CPU
		{707B9FA7-E839-4F57-904A-827694991F34}.Debug|Any CPU.ActiveCfg = Debug|Any CPU
		{707B9FA7-E839-4F57-904A-827694991F34}.Debug|Any CPU.Build.0 = Debug|Any CPU
		{707B9FA7-E839-4F57-904A-827694991F34}.Release|Any CPU.ActiveCfg = Release|Any CPU
		{707B9FA7-E839-4F57-904A-827694991F34}.Release|Any CPU.Build.0 = Release|Any CPU
		{7EF95C84-9DC4-4A70-87C1-460AB408D410}.Debug|Any CPU.ActiveCfg = Debug|Any CPU
		{7EF95C84-9DC4-4A70-87C1-460AB408D410}.Debug|Any CPU.Build.0 = Debug|Any CPU
		{7EF95C84-9DC4-4A70-87C1-460AB408D410}.Release|Any CPU.ActiveCfg = Release|Any CPU
		{7EF95C84-9DC4-4A70-87C1-460AB408D410}.Release|Any CPU.Build.0 = Release|Any CPU
		{4216202C-3FE4-409E-8DC7-7377381CE510}.Debug|Any CPU.ActiveCfg = Debug|Any CPU
		{4216202C-3FE4-409E-8DC7-7377381CE510}.Debug|Any CPU.Build.0 = Debug|Any CPU
		{4216202C-3FE4-409E-8DC7-7377381CE510}.Release|Any CPU.ActiveCfg = Release|Any CPU
		{4216202C-3FE4-409E-8DC7-7377381CE510}.Release|Any CPU.Build.0 = Release|Any CPU
		{B466A122-12FF-4B73-81AC-2928BC719CC5}.Debug|Any CPU.ActiveCfg = Debug|Any CPU
		{B466A122-12FF-4B73-81AC-2928BC719CC5}.Debug|Any CPU.Build.0 = Debug|Any CPU
		{B466A122-12FF-4B73-81AC-2928BC719CC5}.Release|Any CPU.ActiveCfg = Release|Any CPU
		{B466A122-12FF-4B73-81AC-2928BC719CC5}.Release|Any CPU.Build.0 = Release|Any CPU
	EndGlobalSection
	GlobalSection(SolutionProperties) = preSolution
		HideSolutionNode = FALSE
	EndGlobalSection
	GlobalSection(NestedProjects) = preSolution
		{A8EC18B6-534D-4436-8241-E5D53E90D6E9} = {B1401DD4-5F3B-41C7-9C02-AF3B6EC98890}
		{73B61E29-355A-413B-80D1-F74E5D66D2C4} = {B1401DD4-5F3B-41C7-9C02-AF3B6EC98890}
		{4044D74C-C95B-46EE-AD94-1F9B06033A00} = {D5173DB1-3E16-4754-911A-41C9DE0ED1CE}
		{56FA5700-1133-4A3F-ACC4-D5878BD19F19} = {D5173DB1-3E16-4754-911A-41C9DE0ED1CE}
		{707B9FA7-E839-4F57-904A-827694991F34} = {8676297D-DAF5-46DE-A002-F13ED689689A}
		{7EF95C84-9DC4-4A70-87C1-460AB408D410} = {8676297D-DAF5-46DE-A002-F13ED689689A}
		{4216202C-3FE4-409E-8DC7-7377381CE510} = {2F5426A2-9249-4F16-8D17-7B374D7A926F}
		{B466A122-12FF-4B73-81AC-2928BC719CC5} = {2F5426A2-9249-4F16-8D17-7B374D7A926F}
	EndGlobalSection
	GlobalSection(ExtensibilityGlobals) = postSolution
		SolutionGuid = {5EA00EE1-17B8-4A05-B26D-E4AD23105B97}
	EndGlobalSection
EndGlobal
