
Microsoft Visual Studio Solution File, Format Version 12.00
# Visual Studio Version 16
VisualStudioVersion = 16.0.29613.14
MinimumVisualStudioVersion = 10.0.40219.1
Project("{F2A71F9B-5D33-465A-A702-920D77279786}") = "FizzBuzz", "FizzBuzz\FizzBuzz.fsproj", "{6AD55978-CC18-479D-8D57-7266B9A2FEAC}"
EndProject
Project("{F2A71F9B-5D33-465A-A702-920D77279786}") = "FizzBuzzTests", "FizzBuzzTests\FizzBuzzTests.fsproj", "{8DB0CE21-4222-4576-B7BC-69949D43A777}"
EndProject
Global
	GlobalSection(SolutionConfigurationPlatforms) = preSolution
		Debug|x64 = Debug|x64
		Release|x64 = Release|x64
	EndGlobalSection
	GlobalSection(ProjectConfigurationPlatforms) = postSolution
		{6AD55978-CC18-479D-8D57-7266B9A2FEAC}.Debug|x64.ActiveCfg = Debug|x64
		{6AD55978-CC18-479D-8D57-7266B9A2FEAC}.Debug|x64.Build.0 = Debug|x64
		{6AD55978-CC18-479D-8D57-7266B9A2FEAC}.Release|x64.ActiveCfg = Release|x64
		{6AD55978-CC18-479D-8D57-7266B9A2FEAC}.Release|x64.Build.0 = Release|x64
		{8DB0CE21-4222-4576-B7BC-69949D43A777}.Debug|x64.ActiveCfg = Debug|x64
		{8DB0CE21-4222-4576-B7BC-69949D43A777}.Debug|x64.Build.0 = Debug|x64
		{8DB0CE21-4222-4576-B7BC-69949D43A777}.Release|x64.ActiveCfg = Release|x64
		{8DB0CE21-4222-4576-B7BC-69949D43A777}.Release|x64.Build.0 = Release|x64
	EndGlobalSection
	GlobalSection(SolutionProperties) = preSolution
		HideSolutionNode = FALSE
	EndGlobalSection
	GlobalSection(ExtensibilityGlobals) = postSolution
		SolutionGuid = {58B48C8D-2B98-4096-8F5E-4652C416031C}
	EndGlobalSection
EndGlobal
